schema: '2.0'
stages:
  data:
    cmd: python -m gpheat.cli gen-data --config config/config.yaml --root .
    deps:
    - path: config/config.yaml
      hash: md5
      md5: b63ef73e18bca7c18e97b7575401734b
      size: 555
    - path: src/gpheat/experiments/generate_data.py
      hash: md5
      md5: 491dbbce799cb67959b30b4a246d35ef
      size: 2863
    - path: src/gpheat/simulate/pybamm_model.py
      hash: md5
      md5: a81180bb170992241f145845904d7477
      size: 8389
    outs:
    - path: artifacts/datasets
      hash: md5
      md5: f66d8e50927e59f60d23b47dbd26d6bc.dir
      size: 2141232
      nfiles: 1
