schema: '2.0'
stages:
  data:
    cmd: python -m gpheat.cli gen-data --config config/config.yaml --root .
    deps:
    - path: config/config.yaml
      hash: md5
      md5: b8f4838ec09666464d689fbfdc25d263
      size: 809
    - path: src/gpheat/experiments/generate_data.py
      hash: md5
      md5: 491dbbce799cb67959b30b4a246d35ef
      size: 2863
    - path: src/gpheat/simulate/pybamm_model.py
      hash: md5
      md5: 44a64f969b1ea807ebc90c025921e35a
      size: 8467
    outs:
    - path: artifacts/datasets
      hash: md5
      md5: 146daeb2707e69337deb7ae4f7ec8e1c.dir
      size: 17566823
      nfiles: 3
